
Microsoft Visual Studio Solution File, Format Version 12.00
# Visual Studio Version 17
VisualStudioVersion = 17.11.35312.102
MinimumVisualStudioVersion = 10.0.40219.1
Project("{FAE04EC0-301F-11D3-BF4B-00C04F79EFBC}") = "TrumpGame", "TrumpGame.csproj", "{23F693CD-16C7-4DE7-BEBC-E65801A2D423}"
EndProject
Global
	GlobalSection(SolutionConfigurationPlatforms) = preSolution
		Debug|Any CPU = Debug|Any CPU
		Release|Any CPU = Release|Any CPU
	EndGlobalSection
	GlobalSection(ProjectConfigurationPlatforms) = postSolution
		{23F693CD-16C7-4DE7-BEBC-E65801A2D423}.Debug|Any CPU.ActiveCfg = Debug|Any CPU
		{23F693CD-16C7-4DE7-BEBC-E65801A2D423}.Debug|Any CPU.Build.0 = Debug|Any CPU
		{23F693CD-16C7-4DE7-BEBC-E65801A2D423}.Release|Any CPU.ActiveCfg = Release|Any CPU
		{23F693CD-16C7-4DE7-BEBC-E65801A2D423}.Release|Any CPU.Build.0 = Release|Any CPU
	EndGlobalSection
	GlobalSection(SolutionProperties) = preSolution
		HideSolutionNode = FALSE
	EndGlobalSection
	GlobalSection(ExtensibilityGlobals) = postSolution
		SolutionGuid = {5183166D-3796-45FD-B958-8BEEFB96BA32}
	EndGlobalSection
EndGlobal
